
Microsoft Visual Studio Solution File, Format Version 12.00
# Visual Studio Version 17
VisualStudioVersion = 17.9.34607.119
MinimumVisualStudioVersion = 10.0.40219.1
Project("{8BC9CEB8-8B4A-11D0-8D11-00A0C91BC942}") = "MyCompiler", "MyCompiler\MyCompiler.vcxproj", "{440C02D8-EA8A-42E0-8023-9A079213BBBF}"
EndProject
Global
	GlobalSection(SolutionConfigurationPlatforms) = preSolution
		Debug|x64 = Debug|x64
		Debug|x86 = Debug|x86
		Release|x64 = Release|x64
		Release|x86 = Release|x86
	EndGlobalSection
	GlobalSection(ProjectConfigurationPlatforms) = postSolution
		{440C02D8-EA8A-42E0-8023-9A079213BBBF}.Debug|x64.ActiveCfg = Debug|x64
		{440C02D8-EA8A-42E0-8023-9A079213BBBF}.Debug|x64.Build.0 = Debug|x64
		{440C02D8-EA8A-42E0-8023-9A079213BBBF}.Debug|x86.ActiveCfg = Debug|Win32
		{440C02D8-EA8A-42E0-8023-9A079213BBBF}.Debug|x86.Build.0 = Debug|Win32
		{440C02D8-EA8A-42E0-8023-9A079213BBBF}.Release|x64.ActiveCfg = Release|x64
		{440C02D8-EA8A-42E0-8023-9A079213BBBF}.Release|x64.Build.0 = Release|x64
		{440C02D8-EA8A-42E0-8023-9A079213BBBF}.Release|x86.ActiveCfg = Release|Win32
		{440C02D8-EA8A-42E0-8023-9A079213BBBF}.Release|x86.Build.0 = Release|Win32
	EndGlobalSection
	GlobalSection(SolutionProperties) = preSolution
		HideSolutionNode = FALSE
	EndGlobalSection
	GlobalSection(ExtensibilityGlobals) = postSolution
		SolutionGuid = {8DE0C5A8-CE8D-4F8F-A23F-CEBA32A73D79}
	EndGlobalSection
EndGlobal
